Microsoft Visual Studio Solution File, Format Version 12.00
# Visual Studio 2012
Project("{FAE04EC0-301F-11D3-BF4B-00C04F79EFBC}") = "Puzzle League Solver", "Puzzle League Solver.csproj", "{0CBF3F53-7BAA-4A28-BA7D-403FADE4CD7D}"
EndProject
Global
	GlobalSection(SolutionConfigurationPlatforms) = preSolution
	Debug|Any CPU = Debug|Any CPU
	ExportDebug|Any CPU = ExportDebug|Any CPU
	ExportRelease|Any CPU = ExportRelease|Any CPU
	EndGlobalSection
	GlobalSection(ProjectConfigurationPlatforms) = postSolution
		{0CBF3F53-7BAA-4A28-BA7D-403FADE4CD7D}.Debug|Any CPU.ActiveCfg = Debug|Any CPU
		{0CBF3F53-7BAA-4A28-BA7D-403FADE4CD7D}.Debug|Any CPU.Build.0 = Debug|Any CPU
		{0CBF3F53-7BAA-4A28-BA7D-403FADE4CD7D}.ExportDebug|Any CPU.ActiveCfg = ExportDebug|Any CPU
		{0CBF3F53-7BAA-4A28-BA7D-403FADE4CD7D}.ExportDebug|Any CPU.Build.0 = ExportDebug|Any CPU
		{0CBF3F53-7BAA-4A28-BA7D-403FADE4CD7D}.ExportRelease|Any CPU.ActiveCfg = ExportRelease|Any CPU
		{0CBF3F53-7BAA-4A28-BA7D-403FADE4CD7D}.ExportRelease|Any CPU.Build.0 = ExportRelease|Any CPU
	EndGlobalSection
EndGlobal
